
Microsoft Visual Studio Solution File, Format Version 12.00
# Visual Studio 15
VisualStudioVersion = 15.0.28307.329
MinimumVisualStudioVersion = 10.0.40219.1
Project("{FAE04EC0-301F-11D3-BF4B-00C04F79EFBC}") = "Shifumi", "Shifumi\Shifumi.csproj", "{01F70832-C5FF-4E14-B37B-33B23E7785A6}"
EndProject
Global
	GlobalSection(SolutionConfigurationPlatforms) = preSolution
		Debug|Any CPU = Debug|Any CPU
		Release|Any CPU = Release|Any CPU
	EndGlobalSection
	GlobalSection(ProjectConfigurationPlatforms) = postSolution
		{01F70832-C5FF-4E14-B37B-33B23E7785A6}.Debug|Any CPU.ActiveCfg = Debug|Any CPU
		{01F70832-C5FF-4E14-B37B-33B23E7785A6}.Debug|Any CPU.Build.0 = Debug|Any CPU
		{01F70832-C5FF-4E14-B37B-33B23E7785A6}.Release|Any CPU.ActiveCfg = Release|Any CPU
		{01F70832-C5FF-4E14-B37B-33B23E7785A6}.Release|Any CPU.Build.0 = Release|Any CPU
	EndGlobalSection
	GlobalSection(SolutionProperties) = preSolution
		HideSolutionNode = FALSE
	EndGlobalSection
	GlobalSection(ExtensibilityGlobals) = postSolution
		SolutionGuid = {1E7F898D-58A4-45E7-8601-4B931C83182A}
	EndGlobalSection
EndGlobal
